<?xml version="1.0" encoding="utf-8"?>
<Project ToolsVersion="4.0" xmlns="http://schemas.microsoft.com/developer/msbuild/2003">
  <ItemGroup>
  </ItemGroup>
  <ItemGroup>
  </ItemGroup>
  <ItemGroup>
  </ItemGroup>
  <ItemGroup>
  </ItemGroup>
  <ItemGroup>
    <CustomBuild Include="..\..\Program Files (x86)\PCL 1.5.1\share\doc\pcl-1.5\tutorials\sources\octree_search\CMakeLists.txt" />
    <CustomBuild Include="CMakeFiles\ALL_BUILD.rule">
      <Filter>CMake Rules</Filter>
    </CustomBuild>
  </ItemGroup>
  <ItemGroup>
    <Filter Include="CMake Rules">
      <UniqueIdentifier>{F4294311-2761-4361-BB84-5E3870A28B3F}</UniqueIdentifier>
    </Filter>
  </ItemGroup>
  <ItemGroup>
    <None Include="C:\pcl\octree_search\CMakeFiles\ALL_BUILD" />
  </ItemGroup>
</Project>
